
Microsoft Visual Studio Solution File, Format Version 12.00
# Visual Studio Version 17
VisualStudioVersion = 17.0.31903.59
MinimumVisualStudioVersion = 10.0.40219.1
Project("{2150E333-8FDC-42A3-9474-1A3956D46DE8}") = "src", "src", "{55AFBC8F-26E0-420D-8339-10E1AB41F7E4}"
EndProject
Project("{FAE04EC0-301F-11D3-BF4B-00C04F79EFBC}") = "GUI", "src\GUI\GUI.csproj", "{6607B60A-BBFC-428C-BE44-103436C21DA6}"
EndProject
Project("{FAE04EC0-301F-11D3-BF4B-00C04F79EFBC}") = "XML_Manager", "src\XML_Manager\XML_Manager.csproj", "{22A9A393-48AA-4793-B662-78BEA39AC0CD}"
EndProject
Global
	GlobalSection(SolutionConfigurationPlatforms) = preSolution
		Debug|Any CPU = Debug|Any CPU
		Release|Any CPU = Release|Any CPU
	EndGlobalSection
	GlobalSection(SolutionProperties) = preSolution
		HideSolutionNode = FALSE
	EndGlobalSection
	GlobalSection(ProjectConfigurationPlatforms) = postSolution
		{6607B60A-BBFC-428C-BE44-103436C21DA6}.Debug|Any CPU.ActiveCfg = Debug|Any CPU
		{6607B60A-BBFC-428C-BE44-103436C21DA6}.Debug|Any CPU.Build.0 = Debug|Any CPU
		{6607B60A-BBFC-428C-BE44-103436C21DA6}.Release|Any CPU.ActiveCfg = Release|Any CPU
		{6607B60A-BBFC-428C-BE44-103436C21DA6}.Release|Any CPU.Build.0 = Release|Any CPU
		{22A9A393-48AA-4793-B662-78BEA39AC0CD}.Debug|Any CPU.ActiveCfg = Debug|Any CPU
		{22A9A393-48AA-4793-B662-78BEA39AC0CD}.Debug|Any CPU.Build.0 = Debug|Any CPU
		{22A9A393-48AA-4793-B662-78BEA39AC0CD}.Release|Any CPU.ActiveCfg = Release|Any CPU
		{22A9A393-48AA-4793-B662-78BEA39AC0CD}.Release|Any CPU.Build.0 = Release|Any CPU
	EndGlobalSection
	GlobalSection(NestedProjects) = preSolution
		{6607B60A-BBFC-428C-BE44-103436C21DA6} = {55AFBC8F-26E0-420D-8339-10E1AB41F7E4}
		{22A9A393-48AA-4793-B662-78BEA39AC0CD} = {55AFBC8F-26E0-420D-8339-10E1AB41F7E4}
	EndGlobalSection
EndGlobal
